// !$*UTF8*$!
{
	archiveVersion = 1;
	classes = {
	};
	objectVersion = 46;
	objects = {

/* Begin PBXBuildFile section */
		6BB810A41DB9ECE10052CFF6 /* main.m in Sources */ = {isa = PBXBuildFile; fileRef = 6BB810A31DB9ECE10052CFF6 /* main.m */; };
/* End PBXBuildFile section */

/* Begin PBXCopyFilesBuildPhase section */
		6BB8109E1DB9ECE10052CFF6 /* CopyFiles */ = {
			isa = PBXCopyFilesBuildPhase;
			buildActionMask = 2147483647;
			dstPath = /usr/share/man/man1/;
			dstSubfolderSpec = 0;
			files = (
			);
			runOnlyForDeploymentPostprocessing = 1;
		};
/* End PBXCopyFilesBuildPhase section */

/* Begin PBXFileReference section */
		6BB810A01DB9ECE10052CFF6 /* RPObjectiveCEvenOdd */ = {isa = PBXFileReference; explicitFileType = "compiled.mach-o.executable"; includeInIndex = 0; path = RPObjectiveCEvenOdd; sourceTree = BUILT_PRODUCTS_DIR; };
		6BB810A31DB9ECE10052CFF6 /* main.m */ = {isa = PBXFileReference; lastKnownFileType = sourcecode.c.objc; path = main.m; sourceTree = "<group>"; };
/* End PBXFileReference section */

/* Begin PBXFrameworksBuildPhase section */
		6BB8109D1DB9ECE10052CFF6 /* Frameworks */ = {
			isa = PBXFrameworksBuildPhase;
			buildActionMask = 2147483647;
			files = (
			);
			runOnlyForDeploymentPostprocessing = 0;
		};
/* End PBXFrameworksBuildPhase section */

/* Begin PBXGroup section */
		6BB810971DB9ECE10052CFF6 = {
			isa = PBXGroup;
			children = (
				6BB810A21DB9ECE10052CFF6 /* RPObjectiveCEvenOdd */,
				6BB810A11DB9ECE10052CFF6 /* Products */,
			);
			sourceTree = "<group>";
		};
		6BB810A11DB9ECE10052CFF6 /* Products */ = {
			isa = PBXGroup;
			children = (
				6BB810A01DB9ECE10052CFF6 /* RPObjectiveCEvenOdd */,
			);
			name = Products;
			sourceTree = "<group>";
		};
		6BB810A21DB9ECE10052CFF6 /* RPObjectiveCEvenOdd */ = {
			isa = PBXGroup;
			children = (
				6BB810A31DB9ECE10052CFF6 /* main.m */,
			);
			path = RPObjectiveCEvenOdd;
			sourceTree = "<group>";
		};
/* End PBXGroup section */

/* Begin PBXNativeTarget section */
		6BB8109F1DB9ECE10052CFF6 /* RPObjectiveCEvenOdd */ = {
			isa = PBXNativeTarget;
			buildConfigurationList = 6BB810A71DB9ECE10052CFF6 /* Build configuration list for PBXNativeTarget "RPObjectiveCEvenOdd" */;
			buildPhases = (
				6BB8109C1DB9ECE10052CFF6 /* Sources */,
				6BB8109D1DB9ECE10052CFF6 /* Frameworks */,
				6BB8109E1DB9ECE10052CFF6 /* CopyFiles */,
			);
			buildRules = (
			);
			dependencies = (
			);
			name = RPObjectiveCEvenOdd;
			productName = RPObjectiveCEvenOdd;
			productReference = 6BB810A01DB9ECE10052CFF6 /* RPObjectiveCEvenOdd */;
			productType = "com.apple.product-type.tool";
		};
/* End PBXNativeTarget section */

/* Begin PBXProject section */
		6BB810981DB9ECE10052CFF6 /* Project object */ = {
			isa = PBXProject;
			attributes = {
				LastUpgradeCheck = 0730;
				ORGANIZATIONNAME = "Rupali Pakale";
				TargetAttributes = {
					6BB8109F1DB9ECE10052CFF6 = {
						CreatedOnToolsVersion = 7.3.1;
					};
				};
			};
			buildConfigurationList = 6BB8109B1DB9ECE10052CFF6 /* Build configuration list for PBXProject "RPObjectiveCEvenOdd" */;
			compatibilityVersion = "Xcode 3.2";
			developmentRegion = English;
			hasScannedForEncodings = 0;
			knownRegions = (
				en,
			);
			mainGroup = 6BB810971DB9ECE10052CFF6;
			productRefGroup = 6BB810A11DB9ECE10052CFF6 /* Products */;
			projectDirPath = "";
			projectRoot = "";
			targets = (
				6BB8109F1DB9ECE10052CFF6 /* RPObjectiveCEvenOdd */,
			);
		};
/* End PBXProject section */

/* Begin PBXSourcesBuildPhase section */
		6BB8109C1DB9ECE10052CFF6 /* Sources */ = {
			isa = PBXSourcesBuildPhase;
			buildActionMask = 2147483647;
			files = (
				6BB810A41DB9ECE10052CFF6 /* main.m in Sources */,
			);
			runOnlyForDeploymentPostprocessing = 0;
		};
/* End PBXSourcesBuildPhase section */

/* Begin XCBuildConfiguration section */
		6BB810A51DB9ECE10052CFF6 /* Debug */ = {
			isa = XCBuildConfiguration;
			buildSettings = {
				ALWAYS_SEARCH_USER_PATHS = NO;
				CLANG_ANALYZER_NONNULL = YES;
				CLANG_CXX_LANGUAGE_STANDARD = "gnu++0x";
				CLANG_CXX_LIBRARY = "libc++";
				CLANG_ENABLE_MODULES = YES;
				CLANG_ENABLE_OBJC_ARC = YES;
				CLANG_WARN_BOOL_CONVERSION = YES;
				CLANG_WARN_CONSTANT_CONVERSION = YES;
				CLANG_WARN_DIRECT_OBJC_ISA_USAGE = YES_ERROR;
				CLANG_WARN_EMPTY_BODY = YES;
				CLANG_WARN_ENUM_CONVERSION = YES;
				CLANG_WARN_INT_CONVERSION = YES;
				CLANG_WARN_OBJC_ROOT_CLASS = YES_ERROR;
				CLANG_WARN_UNREACHABLE_CODE = YES;
				CLANG_WARN__DUPLICATE_METHOD_MATCH = YES;
				CODE_SIGN_IDENTITY = "-";
				COPY_PHASE_STRIP = NO;
				DEBUG_INFORMATION_FORMAT = dwarf;
				ENABLE_STRICT_OBJC_MSGSEND = YES;
				ENABLE_TESTABILITY = YES;
				GCC_C_LANGUAGE_STANDARD = gnu99;
				GCC_DYNAMIC_NO_PIC = NO;
				GCC_NO_COMMON_BLOCKS = YES;
				GCC_OPTIMIZATION_LEVEL = 0;
				GCC_PREPROCESSOR_DEFINITIONS = (
					"DEBUG=1",
					"$(inherited)",
				);
				GCC_WARN_64_TO_32_BIT_CONVERSION = YES;
				GCC_WARN_ABOUT_RETURN_TYPE = YES_ERROR;
				GCC_WARN_UNDECLARED_SELECTOR = YES;
				GCC_WARN_UNINITIALIZED_AUTOS = YES_AGGRESSIVE;
				GCC_WARN_UNUSED_FUNCTION = YES;
				GCC_WARN_UNUSED_VARIABLE = YES;
				MACOSX_DEPLOYMENT_TARGET = 10.11;
				MTL_ENABLE_DEBUG_INFO = YES;
				ONLY_ACTIVE_ARCH = YES;
				SDKROOT = macosx;
			};
			name = Debug;
		};
		6BB810A61DB9ECE10052CFF6 /* Release */ = {
			isa = XCBuildConfiguration;
			buildSettings = {
				ALWAYS_SEARCH_USER_PATHS = NO;
				CLANG_ANALYZER_NONNULL = YES;
				CLANG_CXX_LANGUAGE_STANDARD = "gnu++0x";
				CLANG_CXX_LIBRARY = "libc++";
				CLANG_ENABLE_MODULES = YES;
				CLANG_ENABLE_OBJC_ARC = YES;
				CLANG_WARN_BOOL_CONVERSION = YES;
				CLANG_WARN_CONSTANT_CONVERSION = YES;
				CLANG_WARN_DIRECT_OBJC_ISA_USAGE = YES_ERROR;
				CLANG_WARN_EMPTY_BODY = YES;
				CLANG_WARN_ENUM_CONVERSION = YES;
				CLANG_WARN_INT_CONVERSION = YES;
				CLANG_WARN_OBJC_ROOT_CLASS = YES_ERROR;
				CLANG_WARN_UNREACHABLE_CODE = YES;
				CLANG_WARN__DUPLICATE_METHOD_MATCH = YES;
				CODE_SIGN_IDENTITY = "-";
				COPY_PHASE_STRIP = NO;
				DEBUG_INFORMATION_FORMAT = "dwarf-with-dsym";
				ENABLE_NS_ASSERTIONS = NO;
				ENABLE_STRICT_OBJC_MSGSEND = YES;
				GCC_C_LANGUAGE_STANDARD = gnu99;
				GCC_NO_COMMON_BLOCKS = YES;
				GCC_WARN_64_TO_32_BIT_CONVERSION = YES;
				GCC_WARN_ABOUT_RETURN_TYPE = YES_ERROR;
				GCC_WARN_UNDECLARED_SELECTOR = YES;
				GCC_WARN_UNINITIALIZED_AUTOS = YES_AGGRESSIVE;
				GCC_WARN_UNUSED_FUNCTION = YES;
				GCC_WARN_UNUSED_VARIABLE = YES;
				MACOSX_DEPLOYMENT_TARGET = 10.11;
				MTL_ENABLE_DEBUG_INFO = NO;
				SDKROOT = macosx;
			};
			name = Release;
		};
		6BB810A81DB9ECE10052CFF6 /* Debug */ = {
			isa = XCBuildConfiguration;
			buildSettings = {
				PRODUCT_NAME = "$(TARGET_NAME)";
			};
			name = Debug;
		};
		6BB810A91DB9ECE10052CFF6 /* Release */ = {
			isa = XCBuildConfiguration;
			buildSettings = {
				PRODUCT_NAME = "$(TARGET_NAME)";
			};
			name = Release;
		};
/* End XCBuildConfiguration section */

/* Begin XCConfigurationList section */
		6BB8109B1DB9ECE10052CFF6 /* Build configuration list for PBXProject "RPObjectiveCEvenOdd" */ = {
			isa = XCConfigurationList;
			buildConfigurations = (
				6BB810A51DB9ECE10052CFF6 /* Debug */,
				6BB810A61DB9ECE10052CFF6 /* Release */,
			);
			defaultConfigurationIsVisible = 0;
			defaultConfigurationName = Release;
		};
		6BB810A71DB9ECE10052CFF6 /* Build configuration list for PBXNativeTarget "RPObjectiveCEvenOdd" */ = {
			isa = XCConfigurationList;
			buildConfigurations = (
				6BB810A81DB9ECE10052CFF6 /* Debug */,
				6BB810A91DB9ECE10052CFF6 /* Release */,
			);
			defaultConfigurationIsVisible = 0;
		};
/* End XCConfigurationList section */
	};
	rootObject = 6BB810981DB9ECE10052CFF6 /* Project object */;
}
